// !$*UTF8*$!
{
	archiveVersion = 1;
	classes = {
	};
	objectVersion = 50;
	objects = {

/* Begin PBXBuildFile section */
		1157E76024127B080099C393 /* AppDelegate.swift in Sources */ = {isa = PBXBuildFile; fileRef = 1157E75F24127B080099C393 /* AppDelegate.swift */; };
		1157E76424127B080099C393 /* ViewController.swift in Sources */ = {isa = PBXBuildFile; fileRef = 1157E76324127B080099C393 /* ViewController.swift */; };
		1157E76724127B080099C393 /* Main.storyboard in Resources */ = {isa = PBXBuildFile; fileRef = 1157E76524127B080099C393 /* Main.storyboard */; };
		1157E76924127B0C0099C393 /* Assets.xcassets in Resources */ = {isa = PBXBuildFile; fileRef = 1157E76824127B0C0099C393 /* Assets.xcassets */; };
		1157E76C24127B0C0099C393 /* LaunchScreen.storyboard in Resources */ = {isa = PBXBuildFile; fileRef = 1157E76A24127B0C0099C393 /* LaunchScreen.storyboard */; };
		1157E77524127D1C0099C393 /* VideoPlayerView.swift in Sources */ = {isa = PBXBuildFile; fileRef = 1157E77424127D1C0099C393 /* VideoPlayerView.swift */; };
		1157E777241280050099C393 /* VideoPlayer.swift in Sources */ = {isa = PBXBuildFile; fileRef = 1157E776241280050099C393 /* VideoPlayer.swift */; };
/* End PBXBuildFile section */

/* Begin PBXFileReference section */
		1157E75C24127B080099C393 /* 06_videoPlayer-swift.app */ = {isa = PBXFileReference; explicitFileType = wrapper.application; includeInIndex = 0; path = "06_videoPlayer-swift.app"; sourceTree = BUILT_PRODUCTS_DIR; };
		1157E75F24127B080099C393 /* AppDelegate.swift */ = {isa = PBXFileReference; lastKnownFileType = sourcecode.swift; path = AppDelegate.swift; sourceTree = "<group>"; };
		1157E76324127B080099C393 /* ViewController.swift */ = {isa = PBXFileReference; lastKnownFileType = sourcecode.swift; path = ViewController.swift; sourceTree = "<group>"; };
		1157E76624127B080099C393 /* Base */ = {isa = PBXFileReference; lastKnownFileType = file.storyboard; name = Base; path = Base.lproj/Main.storyboard; sourceTree = "<group>"; };
		1157E76824127B0C0099C393 /* Assets.xcassets */ = {isa = PBXFileReference; lastKnownFileType = folder.assetcatalog; path = Assets.xcassets; sourceTree = "<group>"; };
		1157E76B24127B0C0099C393 /* Base */ = {isa = PBXFileReference; lastKnownFileType = file.storyboard; name = Base; path = Base.lproj/LaunchScreen.storyboard; sourceTree = "<group>"; };
		1157E76D24127B0C0099C393 /* Info.plist */ = {isa = PBXFileReference; lastKnownFileType = text.plist.xml; path = Info.plist; sourceTree = "<group>"; };
		1157E77424127D1C0099C393 /* VideoPlayerView.swift */ = {isa = PBXFileReference; lastKnownFileType = sourcecode.swift; path = VideoPlayerView.swift; sourceTree = "<group>"; };
		1157E776241280050099C393 /* VideoPlayer.swift */ = {isa = PBXFileReference; lastKnownFileType = sourcecode.swift; path = VideoPlayer.swift; sourceTree = "<group>"; };
/* End PBXFileReference section */

/* Begin PBXFrameworksBuildPhase section */
		1157E75924127B080099C393 /* Frameworks */ = {
			isa = PBXFrameworksBuildPhase;
			buildActionMask = 2147483647;
			files = (
			);
			runOnlyForDeploymentPostprocessing = 0;
		};
/* End PBXFrameworksBuildPhase section */

/* Begin PBXGroup section */
		1157E75324127B080099C393 = {
			isa = PBXGroup;
			children = (
				1157E75E24127B080099C393 /* 06_videoPlayer-swift */,
				1157E75D24127B080099C393 /* Products */,
			);
			sourceTree = "<group>";
		};
		1157E75D24127B080099C393 /* Products */ = {
			isa = PBXGroup;
			children = (
				1157E75C24127B080099C393 /* 06_videoPlayer-swift.app */,
			);
			name = Products;
			sourceTree = "<group>";
		};
		1157E75E24127B080099C393 /* 06_videoPlayer-swift */ = {
			isa = PBXGroup;
			children = (
				1157E77324127CB70099C393 /* playerController */,
				1157E75F24127B080099C393 /* AppDelegate.swift */,
				1157E76324127B080099C393 /* ViewController.swift */,
				1157E76524127B080099C393 /* Main.storyboard */,
				1157E76824127B0C0099C393 /* Assets.xcassets */,
				1157E76A24127B0C0099C393 /* LaunchScreen.storyboard */,
				1157E76D24127B0C0099C393 /* Info.plist */,
			);
			path = "06_videoPlayer-swift";
			sourceTree = "<group>";
		};
		1157E77324127CB70099C393 /* playerController */ = {
			isa = PBXGroup;
			children = (
				1157E77424127D1C0099C393 /* VideoPlayerView.swift */,
				1157E776241280050099C393 /* VideoPlayer.swift */,
			);
			path = playerController;
			sourceTree = "<group>";
		};
/* End PBXGroup section */

/* Begin PBXNativeTarget section */
		1157E75B24127B080099C393 /* 06_videoPlayer-swift */ = {
			isa = PBXNativeTarget;
			buildConfigurationList = 1157E77024127B0C0099C393 /* Build configuration list for PBXNativeTarget "06_videoPlayer-swift" */;
			buildPhases = (
				1157E75824127B080099C393 /* Sources */,
				1157E75924127B080099C393 /* Frameworks */,
				1157E75A24127B080099C393 /* Resources */,
			);
			buildRules = (
			);
			dependencies = (
			);
			name = "06_videoPlayer-swift";
			productName = "06_videoPlayer-swift";
			productReference = 1157E75C24127B080099C393 /* 06_videoPlayer-swift.app */;
			productType = "com.apple.product-type.application";
		};
/* End PBXNativeTarget section */

/* Begin PBXProject section */
		1157E75424127B080099C393 /* Project object */ = {
			isa = PBXProject;
			attributes = {
				LastSwiftUpdateCheck = 1120;
				LastUpgradeCheck = 1120;
				ORGANIZATIONNAME = sy;
				TargetAttributes = {
					1157E75B24127B080099C393 = {
						CreatedOnToolsVersion = 11.2.1;
					};
				};
			};
			buildConfigurationList = 1157E75724127B080099C393 /* Build configuration list for PBXProject "06_videoPlayer-swift" */;
			compatibilityVersion = "Xcode 9.3";
			developmentRegion = en;
			hasScannedForEncodings = 0;
			knownRegions = (
				en,
				Base,
			);
			mainGroup = 1157E75324127B080099C393;
			productRefGroup = 1157E75D24127B080099C393 /* Products */;
			projectDirPath = "";
			projectRoot = "";
			targets = (
				1157E75B24127B080099C393 /* 06_videoPlayer-swift */,
			);
		};
/* End PBXProject section */

/* Begin PBXResourcesBuildPhase section */
		1157E75A24127B080099C393 /* Resources */ = {
			isa = PBXResourcesBuildPhase;
			buildActionMask = 2147483647;
			files = (
				1157E76C24127B0C0099C393 /* LaunchScreen.storyboard in Resources */,
				1157E76924127B0C0099C393 /* Assets.xcassets in Resources */,
				1157E76724127B080099C393 /* Main.storyboard in Resources */,
			);
			runOnlyForDeploymentPostprocessing = 0;
		};
/* End PBXResourcesBuildPhase section */

/* Begin PBXSourcesBuildPhase section */
		1157E75824127B080099C393 /* Sources */ = {
			isa = PBXSourcesBuildPhase;
			buildActionMask = 2147483647;
			files = (
				1157E777241280050099C393 /* VideoPlayer.swift in Sources */,
				1157E76424127B080099C393 /* ViewController.swift in Sources */,
				1157E76024127B080099C393 /* AppDelegate.swift in Sources */,
				1157E77524127D1C0099C393 /* VideoPlayerView.swift in Sources */,
			);
			runOnlyForDeploymentPostprocessing = 0;
		};
/* End PBXSourcesBuildPhase section */

/* Begin PBXVariantGroup section */
		1157E76524127B080099C393 /* Main.storyboard */ = {
			isa = PBXVariantGroup;
			children = (
				1157E76624127B080099C393 /* Base */,
			);
			name = Main.storyboard;
			sourceTree = "<group>";
		};
		1157E76A24127B0C0099C393 /* LaunchScreen.storyboard */ = {
			isa = PBXVariantGroup;
			children = (
				1157E76B24127B0C0099C393 /* Base */,
			);
			name = LaunchScreen.storyboard;
			sourceTree = "<group>";
		};
/* End PBXVariantGroup section */

/* Begin XCBuildConfiguration section */
		1157E76E24127B0C0099C393 /* Debug */ = {
			isa = XCBuildConfiguration;
			buildSettings = {
				ALWAYS_SEARCH_USER_PATHS = NO;
				CLANG_ANALYZER_NONNULL = YES;
				CLANG_ANALYZER_NUMBER_OBJECT_CONVERSION = YES_AGGRESSIVE;
				CLANG_CXX_LANGUAGE_STANDARD = "gnu++14";
				CLANG_CXX_LIBRARY = "libc++";
				CLANG_ENABLE_MODULES = YES;
				CLANG_ENABLE_OBJC_ARC = YES;
				CLANG_ENABLE_OBJC_WEAK = YES;
				CLANG_WARN_BLOCK_CAPTURE_AUTORELEASING = YES;
				CLANG_WARN_BOOL_CONVERSION = YES;
				CLANG_WARN_COMMA = YES;
				CLANG_WARN_CONSTANT_CONVERSION = YES;
				CLANG_WARN_DEPRECATED_OBJC_IMPLEMENTATIONS = YES;
				CLANG_WARN_DIRECT_OBJC_ISA_USAGE = YES_ERROR;
				CLANG_WARN_DOCUMENTATION_COMMENTS = YES;
				CLANG_WARN_EMPTY_BODY = YES;
				CLANG_WARN_ENUM_CONVERSION = YES;
				CLANG_WARN_INFINITE_RECURSION = YES;
				CLANG_WARN_INT_CONVERSION = YES;
				CLANG_WARN_NON_LITERAL_NULL_CONVERSION = YES;
				CLANG_WARN_OBJC_IMPLICIT_RETAIN_SELF = YES;
				CLANG_WARN_OBJC_LITERAL_CONVERSION = YES;
				CLANG_WARN_OBJC_ROOT_CLASS = YES_ERROR;
				CLANG_WARN_RANGE_LOOP_ANALYSIS = YES;
				CLANG_WARN_STRICT_PROTOTYPES = YES;
				CLANG_WARN_SUSPICIOUS_MOVE = YES;
				CLANG_WARN_UNGUARDED_AVAILABILITY = YES_AGGRESSIVE;
				CLANG_WARN_UNREACHABLE_CODE = YES;
				CLANG_WARN__DUPLICATE_METHOD_MATCH = YES;
				COPY_PHASE_STRIP = NO;
				DEBUG_INFORMATION_FORMAT = dwarf;
				ENABLE_STRICT_OBJC_MSGSEND = YES;
				ENABLE_TESTABILITY = YES;
				GCC_C_LANGUAGE_STANDARD = gnu11;
				GCC_DYNAMIC_NO_PIC = NO;
				GCC_NO_COMMON_BLOCKS = YES;
				GCC_OPTIMIZATION_LEVEL = 0;
				GCC_PREPROCESSOR_DEFINITIONS = (
					"DEBUG=1",
					"$(inherited)",
				);
				GCC_WARN_64_TO_32_BIT_CONVERSION = YES;
				GCC_WARN_ABOUT_RETURN_TYPE = YES_ERROR;
				GCC_WARN_UNDECLARED_SELECTOR = YES;
				GCC_WARN_UNINITIALIZED_AUTOS = YES_AGGRESSIVE;
				GCC_WARN_UNUSED_FUNCTION = YES;
				GCC_WARN_UNUSED_VARIABLE = YES;
				IPHONEOS_DEPLOYMENT_TARGET = 11.0;
				MTL_ENABLE_DEBUG_INFO = INCLUDE_SOURCE;
				MTL_FAST_MATH = YES;
				ONLY_ACTIVE_ARCH = YES;
				SDKROOT = iphoneos;
				SWIFT_ACTIVE_COMPILATION_CONDITIONS = DEBUG;
				SWIFT_OPTIMIZATION_LEVEL = "-Onone";
			};
			name = Debug;
		};
		1157E76F24127B0C0099C393 /* Release */ = {
			isa = XCBuildConfiguration;
			buildSettings = {
				ALWAYS_SEARCH_USER_PATHS = NO;
				CLANG_ANALYZER_NONNULL = YES;
				CLANG_ANALYZER_NUMBER_OBJECT_CONVERSION = YES_AGGRESSIVE;
				CLANG_CXX_LANGUAGE_STANDARD = "gnu++14";
				CLANG_CXX_LIBRARY = "libc++";
				CLANG_ENABLE_MODULES = YES;
				CLANG_ENABLE_OBJC_ARC = YES;
				CLANG_ENABLE_OBJC_WEAK = YES;
				CLANG_WARN_BLOCK_CAPTURE_AUTORELEASING = YES;
				CLANG_WARN_BOOL_CONVERSION = YES;
				CLANG_WARN_COMMA = YES;
				CLANG_WARN_CONSTANT_CONVERSION = YES;
				CLANG_WARN_DEPRECATED_OBJC_IMPLEMENTATIONS = YES;
				CLANG_WARN_DIRECT_OBJC_ISA_USAGE = YES_ERROR;
				CLANG_WARN_DOCUMENTATION_COMMENTS = YES;
				CLANG_WARN_EMPTY_BODY = YES;
				CLANG_WARN_ENUM_CONVERSION = YES;
				CLANG_WARN_INFINITE_RECURSION = YES;
				CLANG_WARN_INT_CONVERSION = YES;
				CLANG_WARN_NON_LITERAL_NULL_CONVERSION = YES;
				CLANG_WARN_OBJC_IMPLICIT_RETAIN_SELF = YES;
				CLANG_WARN_OBJC_LITERAL_CONVERSION = YES;
				CLANG_WARN_OBJC_ROOT_CLASS = YES_ERROR;
				CLANG_WARN_RANGE_LOOP_ANALYSIS = YES;
				CLANG_WARN_STRICT_PROTOTYPES = YES;
				CLANG_WARN_SUSPICIOUS_MOVE = YES;
				CLANG_WARN_UNGUARDED_AVAILABILITY = YES_AGGRESSIVE;
				CLANG_WARN_UNREACHABLE_CODE = YES;
				CLANG_WARN__DUPLICATE_METHOD_MATCH = YES;
				COPY_PHASE_STRIP = NO;
				DEBUG_INFORMATION_FORMAT = "dwarf-with-dsym";
				ENABLE_NS_ASSERTIONS = NO;
				ENABLE_STRICT_OBJC_MSGSEND = YES;
				GCC_C_LANGUAGE_STANDARD = gnu11;
				GCC_NO_COMMON_BLOCKS = YES;
				GCC_WARN_64_TO_32_BIT_CONVERSION = YES;
				GCC_WARN_ABOUT_RETURN_TYPE = YES_ERROR;
				GCC_WARN_UNDECLARED_SELECTOR = YES;
				GCC_WARN_UNINITIALIZED_AUTOS = YES_AGGRESSIVE;
				GCC_WARN_UNUSED_FUNCTION = YES;
				GCC_WARN_UNUSED_VARIABLE = YES;
				IPHONEOS_DEPLOYMENT_TARGET = 11.0;
				MTL_ENABLE_DEBUG_INFO = NO;
				MTL_FAST_MATH = YES;
				SDKROOT = iphoneos;
				SWIFT_COMPILATION_MODE = wholemodule;
				SWIFT_OPTIMIZATION_LEVEL = "-O";
				VALIDATE_PRODUCT = YES;
			};
			name = Release;
		};
		1157E77124127B0C0099C393 /* Debug */ = {
			isa = XCBuildConfiguration;
			buildSettings = {
				ASSETCATALOG_COMPILER_APPICON_NAME = AppIcon;
				CODE_SIGN_STYLE = Automatic;
				DEVELOPMENT_TEAM = 7Q4QUU55W5;
				INFOPLIST_FILE = "06_videoPlayer-swift/Info.plist";
				LD_RUNPATH_SEARCH_PATHS = (
					"$(inherited)",
					"@executable_path/Frameworks",
				);
				PRODUCT_BUNDLE_IDENTIFIER = "com.personal.sy.-6-videoPlayer-swift";
				PRODUCT_NAME = "$(TARGET_NAME)";
				SWIFT_VERSION = 5.0;
				TARGETED_DEVICE_FAMILY = 1;
			};
			name = Debug;
		};
		1157E77224127B0C0099C393 /* Release */ = {
			isa = XCBuildConfiguration;
			buildSettings = {
				ASSETCATALOG_COMPILER_APPICON_NAME = AppIcon;
				CODE_SIGN_STYLE = Automatic;
				DEVELOPMENT_TEAM = 7Q4QUU55W5;
				INFOPLIST_FILE = "06_videoPlayer-swift/Info.plist";
				LD_RUNPATH_SEARCH_PATHS = (
					"$(inherited)",
					"@executable_path/Frameworks",
				);
				PRODUCT_BUNDLE_IDENTIFIER = "com.personal.sy.-6-videoPlayer-swift";
				PRODUCT_NAME = "$(TARGET_NAME)";
				SWIFT_VERSION = 5.0;
				TARGETED_DEVICE_FAMILY = 1;
			};
			name = Release;
		};
/* End XCBuildConfiguration section */

/* Begin XCConfigurationList section */
		1157E75724127B080099C393 /* Build configuration list for PBXProject "06_videoPlayer-swift" */ = {
			isa = XCConfigurationList;
			buildConfigurations = (
				1157E76E24127B0C0099C393 /* Debug */,
				1157E76F24127B0C0099C393 /* Release */,
			);
			defaultConfigurationIsVisible = 0;
			defaultConfigurationName = Release;
		};
		1157E77024127B0C0099C393 /* Build configuration list for PBXNativeTarget "06_videoPlayer-swift" */ = {
			isa = XCConfigurationList;
			buildConfigurations = (
				1157E77124127B0C0099C393 /* Debug */,
				1157E77224127B0C0099C393 /* Release */,
			);
			defaultConfigurationIsVisible = 0;
			defaultConfigurationName = Release;
		};
/* End XCConfigurationList section */
	};
	rootObject = 1157E75424127B080099C393 /* Project object */;
}
